Microsoft Visual Studio Solution File, Format Version 12.00
# Visual Studio Version 17
VisualStudioVersion = 17.0.31903.59
MinimumVisualStudioVersion = 10.0.40219.1
Project("{FAE04EC0-301F-11D3-BF4B-00C04F79EFBC}") = "BeadWise.App", "src\BeadWise.App\BeadWise.App.csproj", "{3A2355A1-30D4-4A71-8D0A-75BA15B5E36E}"
EndProject
Project("{FAE04EC0-301F-11D3-BF4B-00C04F79EFBC}") = "BeadWise.Application", "src\BeadWise.Application\BeadWise.Application.csproj", "{7656E2CC-667E-4609-9063-969521F30D7F}"
EndProject
Project("{FAE04EC0-301F-11D3-BF4B-00C04F79EFBC}") = "BeadWise.Core", "src\BeadWise.Core\BeadWise.Core.csproj", "{B9326536-C4C0-47D9-8479-50FCABED5AB8}"
EndProject
Project("{FAE04EC0-301F-11D3-BF4B-00C04F79EFBC}") = "BeadWise.Windows", "src\BeadWise.Windows\BeadWise.Windows.csproj", "{AA93BDEB-8070-47DF-AF96-77A32EA3AA64}"
EndProject
Project("{FAE04EC0-301F-11D3-BF4B-00C04F79EFBC}") = "BeadWise.Core.Tests", "tests\BeadWise.Core.Tests\BeadWise.Core.Tests.csproj", "{0F32B2FC-6F7E-4837-AE11-3F3B3287C5E9}"
EndProject
Project("{FAE04EC0-301F-11D3-BF4B-00C04F79EFBC}") = "BeadWise.Application.Tests", "tests\BeadWise.Application.Tests\BeadWise.Application.Tests.csproj", "{7BE4C130-24A0-48D9-B504-AB3172CB2078}"
EndProject
Project("{FAE04EC0-301F-11D3-BF4B-00C04F79EFBC}") = "BeadWise.Windows.Tests", "tests\BeadWise.Windows.Tests\BeadWise.Windows.Tests.csproj", "{3C584951-77FE-4397-A9B8-B3DD8FE1C4BC}"
EndProject
Global
	GlobalSection(SolutionConfigurationPlatforms) = preSolution
		Debug|Any CPU = Debug|Any CPU
		Release|Any CPU = Release|Any CPU
	EndGlobalSection
	GlobalSection(ProjectConfigurationPlatforms) = postSolution
		{3A2355A1-30D4-4A71-8D0A-75BA15B5E36E}.Debug|Any CPU.ActiveCfg = Debug|Any CPU
		{3A2355A1-30D4-4A71-8D0A-75BA15B5E36E}.Debug|Any CPU.Build.0 = Debug|Any CPU
		{3A2355A1-30D4-4A71-8D0A-75BA15B5E36E}.Release|Any CPU.ActiveCfg = Release|Any CPU
		{3A2355A1-30D4-4A71-8D0A-75BA15B5E36E}.Release|Any CPU.Build.0 = Release|Any CPU
		{7656E2CC-667E-4609-9063-969521F30D7F}.Debug|Any CPU.ActiveCfg = Debug|Any CPU
		{7656E2CC-667E-4609-9063-969521F30D7F}.Debug|Any CPU.Build.0 = Debug|Any CPU
		{7656E2CC-667E-4609-9063-969521F30D7F}.Release|Any CPU.ActiveCfg = Release|Any CPU
		{7656E2CC-667E-4609-9063-969521F30D7F}.Release|Any CPU.Build.0 = Release|Any CPU
		{B9326536-C4C0-47D9-8479-50FCABED5AB8}.Debug|Any CPU.ActiveCfg = Debug|Any CPU
		{B9326536-C4C0-47D9-8479-50FCABED5AB8}.Debug|Any CPU.Build.0 = Debug|Any CPU
		{B9326536-C4C0-47D9-8479-50FCABED5AB8}.Release|Any CPU.ActiveCfg = Release|Any CPU
		{B9326536-C4C0-47D9-8479-50FCABED5AB8}.Release|Any CPU.Build.0 = Release|Any CPU
		{AA93BDEB-8070-47DF-AF96-77A32EA3AA64}.Debug|Any CPU.ActiveCfg = Debug|Any CPU
		{AA93BDEB-8070-47DF-AF96-77A32EA3AA64}.Debug|Any CPU.Build.0 = Debug|Any CPU
		{AA93BDEB-8070-47DF-AF96-77A32EA3AA64}.Release|Any CPU.ActiveCfg = Release|Any CPU
		{AA93BDEB-8070-47DF-AF96-77A32EA3AA64}.Release|Any CPU.Build.0 = Release|Any CPU
		{0F32B2FC-6F7E-4837-AE11-3F3B3287C5E9}.Debug|Any CPU.ActiveCfg = Debug|Any CPU
		{0F32B2FC-6F7E-4837-AE11-3F3B3287C5E9}.Debug|Any CPU.Build.0 = Debug|Any CPU
		{0F32B2FC-6F7E-4837-AE11-3F3B3287C5E9}.Release|Any CPU.ActiveCfg = Release|Any CPU
		{0F32B2FC-6F7E-4837-AE11-3F3B3287C5E9}.Release|Any CPU.Build.0 = Release|Any CPU
		{7BE4C130-24A0-48D9-B504-AB3172CB2078}.Debug|Any CPU.ActiveCfg = Debug|Any CPU
		{7BE4C130-24A0-48D9-B504-AB3172CB2078}.Debug|Any CPU.Build.0 = Debug|Any CPU
		{7BE4C130-24A0-48D9-B504-AB3172CB2078}.Release|Any CPU.ActiveCfg = Release|Any CPU
		{7BE4C130-24A0-48D9-B504-AB3172CB2078}.Release|Any CPU.Build.0 = Release|Any CPU
		{3C584951-77FE-4397-A9B8-B3DD8FE1C4BC}.Debug|Any CPU.ActiveCfg = Debug|Any CPU
		{3C584951-77FE-4397-A9B8-B3DD8FE1C4BC}.Debug|Any CPU.Build.0 = Debug|Any CPU
		{3C584951-77FE-4397-A9B8-B3DD8FE1C4BC}.Release|Any CPU.ActiveCfg = Release|Any CPU
		{3C584951-77FE-4397-A9B8-B3DD8FE1C4BC}.Release|Any CPU.Build.0 = Release|Any CPU
	EndGlobalSection
	GlobalSection(SolutionProperties) = preSolution
		HideSolutionNode = FALSE
	EndGlobalSection
EndGlobal
